
Microsoft Visual Studio Solution File, Format Version 12.00
# Visual Studio Version 16
VisualStudioVersion = 16.0.31702.278
MinimumVisualStudioVersion = 10.0.40219.1
Project("{FAE04EC0-301F-11D3-BF4B-00C04F79EFBC}") = "Akaryakıt Otomasyonu", "Akaryakıt Otomasyonu\Akaryakıt Otomasyonu.csproj", "{DFECE810-F77F-4D8A-A4CD-F715802FFC9C}"
EndProject
Global
	GlobalSection(SolutionConfigurationPlatforms) = preSolution
		Debug|Any CPU = Debug|Any CPU
		Release|Any CPU = Release|Any CPU
	EndGlobalSection
	GlobalSection(ProjectConfigurationPlatforms) = postSolution
		{DFECE810-F77F-4D8A-A4CD-F715802FFC9C}.Debug|Any CPU.ActiveCfg = Debug|Any CPU
		{DFECE810-F77F-4D8A-A4CD-F715802FFC9C}.Debug|Any CPU.Build.0 = Debug|Any CPU
		{DFECE810-F77F-4D8A-A4CD-F715802FFC9C}.Release|Any CPU.ActiveCfg = Release|Any CPU
		{DFECE810-F77F-4D8A-A4CD-F715802FFC9C}.Release|Any CPU.Build.0 = Release|Any CPU
	EndGlobalSection
	GlobalSection(SolutionProperties) = preSolution
		HideSolutionNode = FALSE
	EndGlobalSection
	GlobalSection(ExtensibilityGlobals) = postSolution
		SolutionGuid = {29C4EA5B-75BA-40AE-9450-E5E6641B9D0C}
	EndGlobalSection
EndGlobal
